dependencies:
  idf:
    component_hash: null
    source:
      type: idf
    version: 5.0.2
  inkplate:
    component_hash: null
    source:
      path: /home/marek/Projekty/ESP-IDF-InkPlate
      type: local
    version: 0.9.8
manifest_hash: f381f5a4debbc040752828db14ca2ec27108363c0447b638e2de2bc1dcd288b9
target: esp32
version: 1.0.0
