dependencies:
  espressif/esp_websocket_client:
    component_hash: 21b3c7f85d6266d39d58c371d1143f1dbc75970d39208f5e5df6eb66106dfa04
    source:
      service_url: https://api.components.espressif.com/
      type: service
    version: 0.0.3
  idf:
    component_hash: null
    source:
      type: idf
    version: 5.0.0
  inkplate:
    component_hash: null
    source:
      path: /home/marek/Projekty/vsb-eink-panel/components/inkplate
      type: local
    version: '*'
manifest_hash: f1b547785b06d606d5eeec437ca8212ff95be24723921400490f2c57e0de4e3c
target: esp32
version: 1.0.0
